
Microsoft Visual Studio Solution File, Format Version 12.00
# Visual Studio Version 17
VisualStudioVersion = 17.7.34009.444
MinimumVisualStudioVersion = 10.0.40219.1
Project("{FAE04EC0-301F-11D3-BF4B-00C04F79EFBC}") = "02_初识类与命名空间", "02_初识类与命名空间\02_初识类与命名空间.csproj", "{5CBE2060-AFC2-4774-981D-F8C730EC6A69}"
EndProject
Project("{FAE04EC0-301F-11D3-BF4B-00C04F79EFBC}") = "MyCaculator", "MyCaculator\MyCaculator.csproj", "{57EB064B-226E-44A2-BE30-CB5AF15F9ECA}"
EndProject
Project("{FAE04EC0-301F-11D3-BF4B-00C04F79EFBC}") = "01_helloworld", "01_helloworld\01_helloworld.csproj", "{D742944A-6E34-4EEC-AC4F-9D3BB4465736}"
EndProject
Project("{FAE04EC0-301F-11D3-BF4B-00C04F79EFBC}") = "03_ClassAndInstance", "03_ClassAndInstance\03_ClassAndInstance.csproj", "{E75796CE-5566-453E-84DC-9A0FB84E9E9E}"
EndProject
Project("{FAE04EC0-301F-11D3-BF4B-00C04F79EFBC}") = "PropertySample", "PropertySample\PropertySample.csproj", "{E86E1105-27FC-4794-A52E-8FFEB9269184}"
EndProject
Project("{FAE04EC0-301F-11D3-BF4B-00C04F79EFBC}") = "MathSample", "MathSample\MathSample.csproj", "{0043235E-59FD-4369-95BE-FEFA569A8B1F}"
EndProject
Project("{FAE04EC0-301F-11D3-BF4B-00C04F79EFBC}") = "04_TypeVariableAndMethod", "04_TypeVariableAndMethod\04_TypeVariableAndMethod.csproj", "{8F27DD59-3616-4D63-96DA-536B223378AA}"
EndProject
Project("{FAE04EC0-301F-11D3-BF4B-00C04F79EFBC}") = "05_TypeInCSharp", "05_TypeInCSharp\05_TypeInCSharp.csproj", "{820098F2-CB39-4223-8E98-0E0C5B24279E}"
EndProject
Project("{FAE04EC0-301F-11D3-BF4B-00C04F79EFBC}") = "06_MethodExample", "06_MethodExample\06_MethodExample.csproj", "{8F4629E3-2430-44D0-820C-A6C25C6F7C6A}"
EndProject
Project("{FAE04EC0-301F-11D3-BF4B-00C04F79EFBC}") = "07_ConstructorExample", "07_ConstructorExample\07_ConstructorExample.csproj", "{43416BE9-32D6-4752-8645-1BAF61C47B82}"
EndProject
Project("{FAE04EC0-301F-11D3-BF4B-00C04F79EFBC}") = "08_OverloadExample", "08_OverloadExample\08_OverloadExample.csproj", "{1F35F789-9DEF-445C-A5EA-05BFE88ED433}"
EndProject
Project("{FAE04EC0-301F-11D3-BF4B-00C04F79EFBC}") = "09_OperatorExamples", "09_CreateOperator\09_OperatorExamples.csproj", "{D143AB9A-A94D-4227-9F87-641309D96CFB}"
EndProject
Project("{FAE04EC0-301F-11D3-BF4B-00C04F79EFBC}") = "10_CustomizePlusOperator", "10_CustomizePlusOperator\10_CustomizePlusOperator.csproj", "{FC57D01D-71BB-42EB-B283-10E3B7885AAC}"
EndProject
Project("{FAE04EC0-301F-11D3-BF4B-00C04F79EFBC}") = "11_AnonymousTypeAndInitializer", "11_AnonymousTypeAndInitializer\11_AnonymousTypeAndInitializer.csproj", "{E107C110-9008-4139-8693-EC4999EA52CF}"
EndProject
Project("{FAE04EC0-301F-11D3-BF4B-00C04F79EFBC}") = "12_OperatorExamples", "12_OperatorExample\12_OperatorExamples.csproj", "{EDF1CD30-668E-4533-AED4-9FA862F17752}"
EndProject
Project("{FAE04EC0-301F-11D3-BF4B-00C04F79EFBC}") = "13_ConversionExample", "13_ConversionExample\13_ConversionExample.csproj", "{C1921A4B-5000-483A-8470-CE80DC71074D}"
EndProject
Project("{FAE04EC0-301F-11D3-BF4B-00C04F79EFBC}") = "14_OperatorExample", "14_OperatorExample\14_OperatorExample.csproj", "{BCA5683F-C0F5-4CE1-91CA-B92D1F4FA055}"
EndProject
Project("{FAE04EC0-301F-11D3-BF4B-00C04F79EFBC}") = "EventExample", "EventExample\EventExample.csproj", "{71E0E0ED-AC0D-4F66-A4B7-03B0CC95F3E3}"
EndProject
Project("{FAE04EC0-301F-11D3-BF4B-00C04F79EFBC}") = "TypeSample", "TypeSample\TypeSample.csproj", "{55D9C16F-7A3D-4DEE-99A4-346B6884725F}"
EndProject
Project("{FAE04EC0-301F-11D3-BF4B-00C04F79EFBC}") = "ZTestFramework", "TestFramework\ZTestFramework.csproj", "{F87725AB-A0FE-45CB-9E4D-15B707174489}"
EndProject
Project("{FAE04EC0-301F-11D3-BF4B-00C04F79EFBC}") = "UnsafePointer", "UnsafePointer\UnsafePointer.csproj", "{C9FA6930-BFE7-43F5-86B6-A2462F377C3B}"
EndProject
Project("{FAE04EC0-301F-11D3-BF4B-00C04F79EFBC}") = "15_IsAsOperator", "15_IsAsOperator\15_IsAsOperator.csproj", "{2DDF55F2-D488-4682-A862-1A80E2579FE9}"
EndProject
Project("{FAE04EC0-301F-11D3-BF4B-00C04F79EFBC}") = "16_StatementExamples", "16_StatementExamples\16_StatementExamples.csproj", "{ACEE6EA3-30F1-465F-A83A-1ACE03CC6EAB}"
EndProject
Project("{FAE04EC0-301F-11D3-BF4B-00C04F79EFBC}") = "17_LoopJumpStatements", "17_LoopJumpStatements\17_LoopJumpStatements.csproj", "{11DA5002-64D9-4093-BF3E-98321D447391}"
EndProject
Project("{FAE04EC0-301F-11D3-BF4B-00C04F79EFBC}") = "18_DataMember", "18_DataMember\18_DataMember.csproj", "{3B606AD9-F4B3-443E-B91D-1D6DEE9ACAE8}"
EndProject
Project("{FAE04EC0-301F-11D3-BF4B-00C04F79EFBC}") = "19_PropertySample", "19_PropertySample\19_PropertySample.csproj", "{5E5A6691-F982-4E71-90BC-ADAD464EE409}"
EndProject
Project("{FAE04EC0-301F-11D3-BF4B-00C04F79EFBC}") = "20_IndexerExample", "20_IndexerExample\20_IndexerExample.csproj", "{BDDD8CB1-1B10-4D4C-8E43-DBF3961B9154}"
EndProject
Project("{FAE04EC0-301F-11D3-BF4B-00C04F79EFBC}") = "21_ValueParameterNewObj", "21_ValueParameterNewObj\21_ValueParameterNewObj.csproj", "{0BCA5D45-0120-452D-87A6-C7DEDB3447D0}"
EndProject
Project("{FAE04EC0-301F-11D3-BF4B-00C04F79EFBC}") = "22_ValueParameterModifyObj", "22_ValueParameterModifyObj\22_ValueParameterModifyObj.csproj", "{1397DFC2-DB6E-4E5F-9B06-8CFF25E82746}"
EndProject
Project("{FAE04EC0-301F-11D3-BF4B-00C04F79EFBC}") = "23_RefParameterValueType", "23_RefParameterValueType\23_RefParameterValueType.csproj", "{992EF303-6AAA-4674-BF98-2DF9FF128B75}"
EndProject
Project("{FAE04EC0-301F-11D3-BF4B-00C04F79EFBC}") = "24_RefParameterNewObj", "24_RefParameterNewObj\24_RefParameterNewObj.csproj", "{BDD82FF0-428E-49EB-9810-A7315AAED820}"
EndProject
Project("{FAE04EC0-301F-11D3-BF4B-00C04F79EFBC}") = "25_RefParameterModifyObj", "25_RefParameterModifyObj\25_RefParameterModifyObj.csproj", "{058CD423-6A6F-413D-B417-F39B4C94BD41}"
EndProject
Project("{FAE04EC0-301F-11D3-BF4B-00C04F79EFBC}") = "26_OutParameterValueType", "26_OutParameterValueType\26_OutParameterValueType.csproj", "{EFEE8289-20BD-4DBB-92C0-C3C5982DC610}"
EndProject
Project("{FAE04EC0-301F-11D3-BF4B-00C04F79EFBC}") = "27_OutParameterNewObj", "27_OutParameterNewObj\27_OutParameterNewObj.csproj", "{44DAA66E-04D1-42BB-A015-F41F55088C4E}"
EndProject
Project("{FAE04EC0-301F-11D3-BF4B-00C04F79EFBC}") = "28_ParamsExample", "28_ParamsExample\28_ParamsExample.csproj", "{783EA4F9-4A75-464E-86B9-BD2A4F7CCAC0}"
EndProject
Project("{FAE04EC0-301F-11D3-BF4B-00C04F79EFBC}") = "29_NameParamsExample", "29_NameParamsExample\29_NameParamsExample.csproj", "{10550F98-814D-41A1-A339-6AF924C88DA9}"
EndProject
Project("{FAE04EC0-301F-11D3-BF4B-00C04F79EFBC}") = "30_ThisExtension1", "30_ThisExtension1\30_ThisExtension1.csproj", "{2A785505-BB74-42AD-8351-555C9D2E697D}"
EndProject
Project("{FAE04EC0-301F-11D3-BF4B-00C04F79EFBC}") = "31_ThisExtension2", "31_ThisExtension2\31_ThisExtension2.csproj", "{77D45062-360F-439E-9F31-A26C7E5C3CC4}"
EndProject
Project("{FAE04EC0-301F-11D3-BF4B-00C04F79EFBC}") = "32_DelegateExample", "32_DelegateExample\32_DelegateExample.csproj", "{B70FC791-C099-4A7A-B752-008DE3A99DA6}"
EndProject
Project("{FAE04EC0-301F-11D3-BF4B-00C04F79EFBC}") = "33_TemplateAndCallack", "33_TemplateAndCallack\33_TemplateAndCallack.csproj", "{56FD16E2-35C7-4F7A-9676-2C563CA774FA}"
EndProject
Project("{FAE04EC0-301F-11D3-BF4B-00C04F79EFBC}") = "34_MultiCastDelegate", "34_MultiCastDelegate\34_MultiCastDelegate.csproj", "{3F73C889-DFC1-462C-8F06-82EFFF6B30A1}"
EndProject
Project("{FAE04EC0-301F-11D3-BF4B-00C04F79EFBC}") = "35_AsyncDelegate", "35_AsyncDelegate\35_AsyncDelegate.csproj", "{02F43887-C2BF-4C5D-B37B-58BB9312F08B}"
EndProject
Project("{FAE04EC0-301F-11D3-BF4B-00C04F79EFBC}") = "36_SimpleEvent", "36_SimpleEvent\36_SimpleEvent.csproj", "{10BBDB35-CDFC-4A76-85D3-983D566C8CCE}"
EndProject
Project("{FAE04EC0-301F-11D3-BF4B-00C04F79EFBC}") = "37_TwoObjectsInEvent", "37_TwoObjectsInEvent\37_TwoObjectsInEvent.csproj", "{A672C0FD-9D60-4BBA-B8DA-4382BD935D52}"
EndProject
Project("{FAE04EC0-301F-11D3-BF4B-00C04F79EFBC}") = "38_OneObjectForEvent", "38_OneObjectForEvent\38_OneObjectForEvent.csproj", "{984496B2-550F-48B1-A95C-2487C9C95A3B}"
EndProject
Project("{FAE04EC0-301F-11D3-BF4B-00C04F79EFBC}") = "39_EventSourceIsAField", "39_EventSourceIsAField\39_EventSourceIsAField.csproj", "{3042C45D-437D-4EBC-B454-7CD05A2339DE}"
EndProject
Project("{FAE04EC0-301F-11D3-BF4B-00C04F79EFBC}") = "40_SimpleWinForm", "40_SimpleWinForm\40_SimpleWinForm.csproj", "{85161A85-F1F3-410E-8B42-A5DFCC811FCB}"
EndProject
Project("{FAE04EC0-301F-11D3-BF4B-00C04F79EFBC}") = "41_SimpleWPF", "41_SimpleWPF\41_SimpleWPF.csproj", "{B7191F18-D940-4E6E-8CBE-6793B4433CE4}"
EndProject
Project("{FAE04EC0-301F-11D3-BF4B-00C04F79EFBC}") = "42_IntactOwnEvent", "42_IntactOwnEvent\42_IntactOwnEvent.csproj", "{40BA3522-A134-4D79-8EFE-FBF0243B0006}"
EndProject
Project("{FAE04EC0-301F-11D3-BF4B-00C04F79EFBC}") = "43_BriefOwnEvent", "43_BriefOwnEvent\43_BriefOwnEvent.csproj", "{4C65303E-8EDC-48AE-852A-DC33147C7822}"
EndProject
Project("{FAE04EC0-301F-11D3-BF4B-00C04F79EFBC}") = "44_WhyUseEventRatherDelegate", "44_WhyUseEventRatherDelegate\44_WhyUseEventRatherDelegate.csproj", "{648406DC-244A-4C32-A0A2-6AB76FE549CC}"
EndProject
Project("{FAE04EC0-301F-11D3-BF4B-00C04F79EFBC}") = "45_HelloClass", "45_HelloClass\45_HelloClass.csproj", "{0BF98141-993B-41EB-B3F5-0192EE0FC22F}"
EndProject
Project("{FAE04EC0-301F-11D3-BF4B-00C04F79EFBC}") = "46_HelloAccess", "46_HelloAccess\46_HelloAccess.csproj", "{69446AC5-436A-4148-A188-D5DB975CE787}"
EndProject
Project("{FAE04EC0-301F-11D3-BF4B-00C04F79EFBC}") = "47_OverrideExample", "47_OverrideExample\47_OverrideExample.csproj", "{647EECE1-0B4C-4C33-9345-91958C70EEEB}"
EndProject
Global
	GlobalSection(SolutionConfigurationPlatforms) = preSolution
		Debug|Any CPU = Debug|Any CPU
		Release|Any CPU = Release|Any CPU
	EndGlobalSection
	GlobalSection(ProjectConfigurationPlatforms) = postSolution
		{5CBE2060-AFC2-4774-981D-F8C730EC6A69}.Debug|Any CPU.ActiveCfg = Debug|Any CPU
		{5CBE2060-AFC2-4774-981D-F8C730EC6A69}.Debug|Any CPU.Build.0 = Debug|Any CPU
		{5CBE2060-AFC2-4774-981D-F8C730EC6A69}.Release|Any CPU.ActiveCfg = Release|Any CPU
		{5CBE2060-AFC2-4774-981D-F8C730EC6A69}.Release|Any CPU.Build.0 = Release|Any CPU
		{57EB064B-226E-44A2-BE30-CB5AF15F9ECA}.Debug|Any CPU.ActiveCfg = Debug|Any CPU
		{57EB064B-226E-44A2-BE30-CB5AF15F9ECA}.Debug|Any CPU.Build.0 = Debug|Any CPU
		{57EB064B-226E-44A2-BE30-CB5AF15F9ECA}.Release|Any CPU.ActiveCfg = Release|Any CPU
		{57EB064B-226E-44A2-BE30-CB5AF15F9ECA}.Release|Any CPU.Build.0 = Release|Any CPU
		{D742944A-6E34-4EEC-AC4F-9D3BB4465736}.Debug|Any CPU.ActiveCfg = Debug|Any CPU
		{D742944A-6E34-4EEC-AC4F-9D3BB4465736}.Debug|Any CPU.Build.0 = Debug|Any CPU
		{D742944A-6E34-4EEC-AC4F-9D3BB4465736}.Release|Any CPU.ActiveCfg = Release|Any CPU
		{D742944A-6E34-4EEC-AC4F-9D3BB4465736}.Release|Any CPU.Build.0 = Release|Any CPU
		{E75796CE-5566-453E-84DC-9A0FB84E9E9E}.Debug|Any CPU.ActiveCfg = Debug|Any CPU
		{E75796CE-5566-453E-84DC-9A0FB84E9E9E}.Debug|Any CPU.Build.0 = Debug|Any CPU
		{E75796CE-5566-453E-84DC-9A0FB84E9E9E}.Release|Any CPU.ActiveCfg = Release|Any CPU
		{E75796CE-5566-453E-84DC-9A0FB84E9E9E}.Release|Any CPU.Build.0 = Release|Any CPU
		{E86E1105-27FC-4794-A52E-8FFEB9269184}.Debug|Any CPU.ActiveCfg = Debug|Any CPU
		{E86E1105-27FC-4794-A52E-8FFEB9269184}.Debug|Any CPU.Build.0 = Debug|Any CPU
		{E86E1105-27FC-4794-A52E-8FFEB9269184}.Release|Any CPU.ActiveCfg = Release|Any CPU
		{E86E1105-27FC-4794-A52E-8FFEB9269184}.Release|Any CPU.Build.0 = Release|Any CPU
		{0043235E-59FD-4369-95BE-FEFA569A8B1F}.Debug|Any CPU.ActiveCfg = Debug|Any CPU
		{0043235E-59FD-4369-95BE-FEFA569A8B1F}.Debug|Any CPU.Build.0 = Debug|Any CPU
		{0043235E-59FD-4369-95BE-FEFA569A8B1F}.Release|Any CPU.ActiveCfg = Release|Any CPU
		{0043235E-59FD-4369-95BE-FEFA569A8B1F}.Release|Any CPU.Build.0 = Release|Any CPU
		{8F27DD59-3616-4D63-96DA-536B223378AA}.Debug|Any CPU.ActiveCfg = Debug|Any CPU
		{8F27DD59-3616-4D63-96DA-536B223378AA}.Debug|Any CPU.Build.0 = Debug|Any CPU
		{8F27DD59-3616-4D63-96DA-536B223378AA}.Release|Any CPU.ActiveCfg = Release|Any CPU
		{8F27DD59-3616-4D63-96DA-536B223378AA}.Release|Any CPU.Build.0 = Release|Any CPU
		{820098F2-CB39-4223-8E98-0E0C5B24279E}.Debug|Any CPU.ActiveCfg = Debug|Any CPU
		{820098F2-CB39-4223-8E98-0E0C5B24279E}.Debug|Any CPU.Build.0 = Debug|Any CPU
		{820098F2-CB39-4223-8E98-0E0C5B24279E}.Release|Any CPU.ActiveCfg = Release|Any CPU
		{820098F2-CB39-4223-8E98-0E0C5B24279E}.Release|Any CPU.Build.0 = Release|Any CPU
		{8F4629E3-2430-44D0-820C-A6C25C6F7C6A}.Debug|Any CPU.ActiveCfg = Debug|Any CPU
		{8F4629E3-2430-44D0-820C-A6C25C6F7C6A}.Debug|Any CPU.Build.0 = Debug|Any CPU
		{8F4629E3-2430-44D0-820C-A6C25C6F7C6A}.Release|Any CPU.ActiveCfg = Release|Any CPU
		{8F4629E3-2430-44D0-820C-A6C25C6F7C6A}.Release|Any CPU.Build.0 = Release|Any CPU
		{43416BE9-32D6-4752-8645-1BAF61C47B82}.Debug|Any CPU.ActiveCfg = Debug|Any CPU
		{43416BE9-32D6-4752-8645-1BAF61C47B82}.Debug|Any CPU.Build.0 = Debug|Any CPU
		{43416BE9-32D6-4752-8645-1BAF61C47B82}.Release|Any CPU.ActiveCfg = Release|Any CPU
		{43416BE9-32D6-4752-8645-1BAF61C47B82}.Release|Any CPU.Build.0 = Release|Any CPU
		{1F35F789-9DEF-445C-A5EA-05BFE88ED433}.Debug|Any CPU.ActiveCfg = Debug|Any CPU
		{1F35F789-9DEF-445C-A5EA-05BFE88ED433}.Debug|Any CPU.Build.0 = Debug|Any CPU
		{1F35F789-9DEF-445C-A5EA-05BFE88ED433}.Release|Any CPU.ActiveCfg = Release|Any CPU
		{1F35F789-9DEF-445C-A5EA-05BFE88ED433}.Release|Any CPU.Build.0 = Release|Any CPU
		{D143AB9A-A94D-4227-9F87-641309D96CFB}.Debug|Any CPU.ActiveCfg = Debug|Any CPU
		{D143AB9A-A94D-4227-9F87-641309D96CFB}.Debug|Any CPU.Build.0 = Debug|Any CPU
		{D143AB9A-A94D-4227-9F87-641309D96CFB}.Release|Any CPU.ActiveCfg = Release|Any CPU
		{D143AB9A-A94D-4227-9F87-641309D96CFB}.Release|Any CPU.Build.0 = Release|Any CPU
		{FC57D01D-71BB-42EB-B283-10E3B7885AAC}.Debug|Any CPU.ActiveCfg = Debug|Any CPU
		{FC57D01D-71BB-42EB-B283-10E3B7885AAC}.Debug|Any CPU.Build.0 = Debug|Any CPU
		{FC57D01D-71BB-42EB-B283-10E3B7885AAC}.Release|Any CPU.ActiveCfg = Release|Any CPU
		{FC57D01D-71BB-42EB-B283-10E3B7885AAC}.Release|Any CPU.Build.0 = Release|Any CPU
		{E107C110-9008-4139-8693-EC4999EA52CF}.Debug|Any CPU.ActiveCfg = Debug|Any CPU
		{E107C110-9008-4139-8693-EC4999EA52CF}.Debug|Any CPU.Build.0 = Debug|Any CPU
		{E107C110-9008-4139-8693-EC4999EA52CF}.Release|Any CPU.ActiveCfg = Release|Any CPU
		{E107C110-9008-4139-8693-EC4999EA52CF}.Release|Any CPU.Build.0 = Release|Any CPU
		{EDF1CD30-668E-4533-AED4-9FA862F17752}.Debug|Any CPU.ActiveCfg = Debug|Any CPU
		{EDF1CD30-668E-4533-AED4-9FA862F17752}.Debug|Any CPU.Build.0 = Debug|Any CPU
		{EDF1CD30-668E-4533-AED4-9FA862F17752}.Release|Any CPU.ActiveCfg = Release|Any CPU
		{EDF1CD30-668E-4533-AED4-9FA862F17752}.Release|Any CPU.Build.0 = Release|Any CPU
		{C1921A4B-5000-483A-8470-CE80DC71074D}.Debug|Any CPU.ActiveCfg = Debug|Any CPU
		{C1921A4B-5000-483A-8470-CE80DC71074D}.Debug|Any CPU.Build.0 = Debug|Any CPU
		{C1921A4B-5000-483A-8470-CE80DC71074D}.Release|Any CPU.ActiveCfg = Release|Any CPU
		{C1921A4B-5000-483A-8470-CE80DC71074D}.Release|Any CPU.Build.0 = Release|Any CPU
		{BCA5683F-C0F5-4CE1-91CA-B92D1F4FA055}.Debug|Any CPU.ActiveCfg = Debug|Any CPU
		{BCA5683F-C0F5-4CE1-91CA-B92D1F4FA055}.Debug|Any CPU.Build.0 = Debug|Any CPU
		{BCA5683F-C0F5-4CE1-91CA-B92D1F4FA055}.Release|Any CPU.ActiveCfg = Release|Any CPU
		{BCA5683F-C0F5-4CE1-91CA-B92D1F4FA055}.Release|Any CPU.Build.0 = Release|Any CPU
		{71E0E0ED-AC0D-4F66-A4B7-03B0CC95F3E3}.Debug|Any CPU.ActiveCfg = Debug|Any CPU
		{71E0E0ED-AC0D-4F66-A4B7-03B0CC95F3E3}.Debug|Any CPU.Build.0 = Debug|Any CPU
		{71E0E0ED-AC0D-4F66-A4B7-03B0CC95F3E3}.Release|Any CPU.ActiveCfg = Release|Any CPU
		{71E0E0ED-AC0D-4F66-A4B7-03B0CC95F3E3}.Release|Any CPU.Build.0 = Release|Any CPU
		{55D9C16F-7A3D-4DEE-99A4-346B6884725F}.Debug|Any CPU.ActiveCfg = Debug|Any CPU
		{55D9C16F-7A3D-4DEE-99A4-346B6884725F}.Debug|Any CPU.Build.0 = Debug|Any CPU
		{55D9C16F-7A3D-4DEE-99A4-346B6884725F}.Release|Any CPU.ActiveCfg = Release|Any CPU
		{55D9C16F-7A3D-4DEE-99A4-346B6884725F}.Release|Any CPU.Build.0 = Release|Any CPU
		{F87725AB-A0FE-45CB-9E4D-15B707174489}.Debug|Any CPU.ActiveCfg = Debug|Any CPU
		{F87725AB-A0FE-45CB-9E4D-15B707174489}.Debug|Any CPU.Build.0 = Debug|Any CPU
		{F87725AB-A0FE-45CB-9E4D-15B707174489}.Release|Any CPU.ActiveCfg = Release|Any CPU
		{F87725AB-A0FE-45CB-9E4D-15B707174489}.Release|Any CPU.Build.0 = Release|Any CPU
		{C9FA6930-BFE7-43F5-86B6-A2462F377C3B}.Debug|Any CPU.ActiveCfg = Debug|Any CPU
		{C9FA6930-BFE7-43F5-86B6-A2462F377C3B}.Debug|Any CPU.Build.0 = Debug|Any CPU
		{C9FA6930-BFE7-43F5-86B6-A2462F377C3B}.Release|Any CPU.ActiveCfg = Release|Any CPU
		{C9FA6930-BFE7-43F5-86B6-A2462F377C3B}.Release|Any CPU.Build.0 = Release|Any CPU
		{2DDF55F2-D488-4682-A862-1A80E2579FE9}.Debug|Any CPU.ActiveCfg = Debug|Any CPU
		{2DDF55F2-D488-4682-A862-1A80E2579FE9}.Debug|Any CPU.Build.0 = Debug|Any CPU
		{2DDF55F2-D488-4682-A862-1A80E2579FE9}.Release|Any CPU.ActiveCfg = Release|Any CPU
		{2DDF55F2-D488-4682-A862-1A80E2579FE9}.Release|Any CPU.Build.0 = Release|Any CPU
		{ACEE6EA3-30F1-465F-A83A-1ACE03CC6EAB}.Debug|Any CPU.ActiveCfg = Debug|Any CPU
		{ACEE6EA3-30F1-465F-A83A-1ACE03CC6EAB}.Debug|Any CPU.Build.0 = Debug|Any CPU
		{ACEE6EA3-30F1-465F-A83A-1ACE03CC6EAB}.Release|Any CPU.ActiveCfg = Release|Any CPU
		{ACEE6EA3-30F1-465F-A83A-1ACE03CC6EAB}.Release|Any CPU.Build.0 = Release|Any CPU
		{11DA5002-64D9-4093-BF3E-98321D447391}.Debug|Any CPU.ActiveCfg = Debug|Any CPU
		{11DA5002-64D9-4093-BF3E-98321D447391}.Debug|Any CPU.Build.0 = Debug|Any CPU
		{11DA5002-64D9-4093-BF3E-98321D447391}.Release|Any CPU.ActiveCfg = Release|Any CPU
		{11DA5002-64D9-4093-BF3E-98321D447391}.Release|Any CPU.Build.0 = Release|Any CPU
		{3B606AD9-F4B3-443E-B91D-1D6DEE9ACAE8}.Debug|Any CPU.ActiveCfg = Debug|Any CPU
		{3B606AD9-F4B3-443E-B91D-1D6DEE9ACAE8}.Debug|Any CPU.Build.0 = Debug|Any CPU
		{3B606AD9-F4B3-443E-B91D-1D6DEE9ACAE8}.Release|Any CPU.ActiveCfg = Release|Any CPU
		{3B606AD9-F4B3-443E-B91D-1D6DEE9ACAE8}.Release|Any CPU.Build.0 = Release|Any CPU
		{5E5A6691-F982-4E71-90BC-ADAD464EE409}.Debug|Any CPU.ActiveCfg = Debug|Any CPU
		{5E5A6691-F982-4E71-90BC-ADAD464EE409}.Debug|Any CPU.Build.0 = Debug|Any CPU
		{5E5A6691-F982-4E71-90BC-ADAD464EE409}.Release|Any CPU.ActiveCfg = Release|Any CPU
		{5E5A6691-F982-4E71-90BC-ADAD464EE409}.Release|Any CPU.Build.0 = Release|Any CPU
		{BDDD8CB1-1B10-4D4C-8E43-DBF3961B9154}.Debug|Any CPU.ActiveCfg = Debug|Any CPU
		{BDDD8CB1-1B10-4D4C-8E43-DBF3961B9154}.Debug|Any CPU.Build.0 = Debug|Any CPU
		{BDDD8CB1-1B10-4D4C-8E43-DBF3961B9154}.Release|Any CPU.ActiveCfg = Release|Any CPU
		{BDDD8CB1-1B10-4D4C-8E43-DBF3961B9154}.Release|Any CPU.Build.0 = Release|Any CPU
		{0BCA5D45-0120-452D-87A6-C7DEDB3447D0}.Debug|Any CPU.ActiveCfg = Debug|Any CPU
		{0BCA5D45-0120-452D-87A6-C7DEDB3447D0}.Debug|Any CPU.Build.0 = Debug|Any CPU
		{0BCA5D45-0120-452D-87A6-C7DEDB3447D0}.Release|Any CPU.ActiveCfg = Release|Any CPU
		{0BCA5D45-0120-452D-87A6-C7DEDB3447D0}.Release|Any CPU.Build.0 = Release|Any CPU
		{1397DFC2-DB6E-4E5F-9B06-8CFF25E82746}.Debug|Any CPU.ActiveCfg = Debug|Any CPU
		{1397DFC2-DB6E-4E5F-9B06-8CFF25E82746}.Debug|Any CPU.Build.0 = Debug|Any CPU
		{1397DFC2-DB6E-4E5F-9B06-8CFF25E82746}.Release|Any CPU.ActiveCfg = Release|Any CPU
		{1397DFC2-DB6E-4E5F-9B06-8CFF25E82746}.Release|Any CPU.Build.0 = Release|Any CPU
		{992EF303-6AAA-4674-BF98-2DF9FF128B75}.Debug|Any CPU.ActiveCfg = Debug|Any CPU
		{992EF303-6AAA-4674-BF98-2DF9FF128B75}.Debug|Any CPU.Build.0 = Debug|Any CPU
		{992EF303-6AAA-4674-BF98-2DF9FF128B75}.Release|Any CPU.ActiveCfg = Release|Any CPU
		{992EF303-6AAA-4674-BF98-2DF9FF128B75}.Release|Any CPU.Build.0 = Release|Any CPU
		{BDD82FF0-428E-49EB-9810-A7315AAED820}.Debug|Any CPU.ActiveCfg = Debug|Any CPU
		{BDD82FF0-428E-49EB-9810-A7315AAED820}.Debug|Any CPU.Build.0 = Debug|Any CPU
		{BDD82FF0-428E-49EB-9810-A7315AAED820}.Release|Any CPU.ActiveCfg = Release|Any CPU
		{BDD82FF0-428E-49EB-9810-A7315AAED820}.Release|Any CPU.Build.0 = Release|Any CPU
		{058CD423-6A6F-413D-B417-F39B4C94BD41}.Debug|Any CPU.ActiveCfg = Debug|Any CPU
		{058CD423-6A6F-413D-B417-F39B4C94BD41}.Debug|Any CPU.Build.0 = Debug|Any CPU
		{058CD423-6A6F-413D-B417-F39B4C94BD41}.Release|Any CPU.ActiveCfg = Release|Any CPU
		{058CD423-6A6F-413D-B417-F39B4C94BD41}.Release|Any CPU.Build.0 = Release|Any CPU
		{EFEE8289-20BD-4DBB-92C0-C3C5982DC610}.Debug|Any CPU.ActiveCfg = Debug|Any CPU
		{EFEE8289-20BD-4DBB-92C0-C3C5982DC610}.Debug|Any CPU.Build.0 = Debug|Any CPU
		{EFEE8289-20BD-4DBB-92C0-C3C5982DC610}.Release|Any CPU.ActiveCfg = Release|Any CPU
		{EFEE8289-20BD-4DBB-92C0-C3C5982DC610}.Release|Any CPU.Build.0 = Release|Any CPU
		{44DAA66E-04D1-42BB-A015-F41F55088C4E}.Debug|Any CPU.ActiveCfg = Debug|Any CPU
		{44DAA66E-04D1-42BB-A015-F41F55088C4E}.Debug|Any CPU.Build.0 = Debug|Any CPU
		{44DAA66E-04D1-42BB-A015-F41F55088C4E}.Release|Any CPU.ActiveCfg = Release|Any CPU
		{44DAA66E-04D1-42BB-A015-F41F55088C4E}.Release|Any CPU.Build.0 = Release|Any CPU
		{783EA4F9-4A75-464E-86B9-BD2A4F7CCAC0}.Debug|Any CPU.ActiveCfg = Debug|Any CPU
		{783EA4F9-4A75-464E-86B9-BD2A4F7CCAC0}.Debug|Any CPU.Build.0 = Debug|Any CPU
		{783EA4F9-4A75-464E-86B9-BD2A4F7CCAC0}.Release|Any CPU.ActiveCfg = Release|Any CPU
		{783EA4F9-4A75-464E-86B9-BD2A4F7CCAC0}.Release|Any CPU.Build.0 = Release|Any CPU
		{10550F98-814D-41A1-A339-6AF924C88DA9}.Debug|Any CPU.ActiveCfg = Debug|Any CPU
		{10550F98-814D-41A1-A339-6AF924C88DA9}.Debug|Any CPU.Build.0 = Debug|Any CPU
		{10550F98-814D-41A1-A339-6AF924C88DA9}.Release|Any CPU.ActiveCfg = Release|Any CPU
		{10550F98-814D-41A1-A339-6AF924C88DA9}.Release|Any CPU.Build.0 = Release|Any CPU
		{2A785505-BB74-42AD-8351-555C9D2E697D}.Debug|Any CPU.ActiveCfg = Debug|Any CPU
		{2A785505-BB74-42AD-8351-555C9D2E697D}.Debug|Any CPU.Build.0 = Debug|Any CPU
		{2A785505-BB74-42AD-8351-555C9D2E697D}.Release|Any CPU.ActiveCfg = Release|Any CPU
		{2A785505-BB74-42AD-8351-555C9D2E697D}.Release|Any CPU.Build.0 = Release|Any CPU
		{77D45062-360F-439E-9F31-A26C7E5C3CC4}.Debug|Any CPU.ActiveCfg = Debug|Any CPU
		{77D45062-360F-439E-9F31-A26C7E5C3CC4}.Debug|Any CPU.Build.0 = Debug|Any CPU
		{77D45062-360F-439E-9F31-A26C7E5C3CC4}.Release|Any CPU.ActiveCfg = Release|Any CPU
		{77D45062-360F-439E-9F31-A26C7E5C3CC4}.Release|Any CPU.Build.0 = Release|Any CPU
		{B70FC791-C099-4A7A-B752-008DE3A99DA6}.Debug|Any CPU.ActiveCfg = Debug|Any CPU
		{B70FC791-C099-4A7A-B752-008DE3A99DA6}.Debug|Any CPU.Build.0 = Debug|Any CPU
		{B70FC791-C099-4A7A-B752-008DE3A99DA6}.Release|Any CPU.ActiveCfg = Release|Any CPU
		{B70FC791-C099-4A7A-B752-008DE3A99DA6}.Release|Any CPU.Build.0 = Release|Any CPU
		{56FD16E2-35C7-4F7A-9676-2C563CA774FA}.Debug|Any CPU.ActiveCfg = Debug|Any CPU
		{56FD16E2-35C7-4F7A-9676-2C563CA774FA}.Debug|Any CPU.Build.0 = Debug|Any CPU
		{56FD16E2-35C7-4F7A-9676-2C563CA774FA}.Release|Any CPU.ActiveCfg = Release|Any CPU
		{56FD16E2-35C7-4F7A-9676-2C563CA774FA}.Release|Any CPU.Build.0 = Release|Any CPU
		{3F73C889-DFC1-462C-8F06-82EFFF6B30A1}.Debug|Any CPU.ActiveCfg = Debug|Any CPU
		{3F73C889-DFC1-462C-8F06-82EFFF6B30A1}.Debug|Any CPU.Build.0 = Debug|Any CPU
		{3F73C889-DFC1-462C-8F06-82EFFF6B30A1}.Release|Any CPU.ActiveCfg = Release|Any CPU
		{3F73C889-DFC1-462C-8F06-82EFFF6B30A1}.Release|Any CPU.Build.0 = Release|Any CPU
		{02F43887-C2BF-4C5D-B37B-58BB9312F08B}.Debug|Any CPU.ActiveCfg = Debug|Any CPU
		{02F43887-C2BF-4C5D-B37B-58BB9312F08B}.Debug|Any CPU.Build.0 = Debug|Any CPU
		{02F43887-C2BF-4C5D-B37B-58BB9312F08B}.Release|Any CPU.ActiveCfg = Release|Any CPU
		{02F43887-C2BF-4C5D-B37B-58BB9312F08B}.Release|Any CPU.Build.0 = Release|Any CPU
		{10BBDB35-CDFC-4A76-85D3-983D566C8CCE}.Debug|Any CPU.ActiveCfg = Debug|Any CPU
		{10BBDB35-CDFC-4A76-85D3-983D566C8CCE}.Debug|Any CPU.Build.0 = Debug|Any CPU
		{10BBDB35-CDFC-4A76-85D3-983D566C8CCE}.Release|Any CPU.ActiveCfg = Release|Any CPU
		{10BBDB35-CDFC-4A76-85D3-983D566C8CCE}.Release|Any CPU.Build.0 = Release|Any CPU
		{A672C0FD-9D60-4BBA-B8DA-4382BD935D52}.Debug|Any CPU.ActiveCfg = Debug|Any CPU
		{A672C0FD-9D60-4BBA-B8DA-4382BD935D52}.Debug|Any CPU.Build.0 = Debug|Any CPU
		{A672C0FD-9D60-4BBA-B8DA-4382BD935D52}.Release|Any CPU.ActiveCfg = Release|Any CPU
		{A672C0FD-9D60-4BBA-B8DA-4382BD935D52}.Release|Any CPU.Build.0 = Release|Any CPU
		{984496B2-550F-48B1-A95C-2487C9C95A3B}.Debug|Any CPU.ActiveCfg = Debug|Any CPU
		{984496B2-550F-48B1-A95C-2487C9C95A3B}.Debug|Any CPU.Build.0 = Debug|Any CPU
		{984496B2-550F-48B1-A95C-2487C9C95A3B}.Release|Any CPU.ActiveCfg = Release|Any CPU
		{984496B2-550F-48B1-A95C-2487C9C95A3B}.Release|Any CPU.Build.0 = Release|Any CPU
		{3042C45D-437D-4EBC-B454-7CD05A2339DE}.Debug|Any CPU.ActiveCfg = Debug|Any CPU
		{3042C45D-437D-4EBC-B454-7CD05A2339DE}.Debug|Any CPU.Build.0 = Debug|Any CPU
		{3042C45D-437D-4EBC-B454-7CD05A2339DE}.Release|Any CPU.ActiveCfg = Release|Any CPU
		{3042C45D-437D-4EBC-B454-7CD05A2339DE}.Release|Any CPU.Build.0 = Release|Any CPU
		{85161A85-F1F3-410E-8B42-A5DFCC811FCB}.Debug|Any CPU.ActiveCfg = Debug|Any CPU
		{85161A85-F1F3-410E-8B42-A5DFCC811FCB}.Debug|Any CPU.Build.0 = Debug|Any CPU
		{85161A85-F1F3-410E-8B42-A5DFCC811FCB}.Release|Any CPU.ActiveCfg = Release|Any CPU
		{85161A85-F1F3-410E-8B42-A5DFCC811FCB}.Release|Any CPU.Build.0 = Release|Any CPU
		{B7191F18-D940-4E6E-8CBE-6793B4433CE4}.Debug|Any CPU.ActiveCfg = Debug|Any CPU
		{B7191F18-D940-4E6E-8CBE-6793B4433CE4}.Debug|Any CPU.Build.0 = Debug|Any CPU
		{B7191F18-D940-4E6E-8CBE-6793B4433CE4}.Release|Any CPU.ActiveCfg = Release|Any CPU
		{B7191F18-D940-4E6E-8CBE-6793B4433CE4}.Release|Any CPU.Build.0 = Release|Any CPU
		{40BA3522-A134-4D79-8EFE-FBF0243B0006}.Debug|Any CPU.ActiveCfg = Debug|Any CPU
		{40BA3522-A134-4D79-8EFE-FBF0243B0006}.Debug|Any CPU.Build.0 = Debug|Any CPU
		{40BA3522-A134-4D79-8EFE-FBF0243B0006}.Release|Any CPU.ActiveCfg = Release|Any CPU
		{40BA3522-A134-4D79-8EFE-FBF0243B0006}.Release|Any CPU.Build.0 = Release|Any CPU
		{4C65303E-8EDC-48AE-852A-DC33147C7822}.Debug|Any CPU.ActiveCfg = Debug|Any CPU
		{4C65303E-8EDC-48AE-852A-DC33147C7822}.Debug|Any CPU.Build.0 = Debug|Any CPU
		{4C65303E-8EDC-48AE-852A-DC33147C7822}.Release|Any CPU.ActiveCfg = Release|Any CPU
		{4C65303E-8EDC-48AE-852A-DC33147C7822}.Release|Any CPU.Build.0 = Release|Any CPU
		{648406DC-244A-4C32-A0A2-6AB76FE549CC}.Debug|Any CPU.ActiveCfg = Debug|Any CPU
		{648406DC-244A-4C32-A0A2-6AB76FE549CC}.Debug|Any CPU.Build.0 = Debug|Any CPU
		{648406DC-244A-4C32-A0A2-6AB76FE549CC}.Release|Any CPU.ActiveCfg = Release|Any CPU
		{648406DC-244A-4C32-A0A2-6AB76FE549CC}.Release|Any CPU.Build.0 = Release|Any CPU
		{0BF98141-993B-41EB-B3F5-0192EE0FC22F}.Debug|Any CPU.ActiveCfg = Debug|Any CPU
		{0BF98141-993B-41EB-B3F5-0192EE0FC22F}.Debug|Any CPU.Build.0 = Debug|Any CPU
		{0BF98141-993B-41EB-B3F5-0192EE0FC22F}.Release|Any CPU.ActiveCfg = Release|Any CPU
		{0BF98141-993B-41EB-B3F5-0192EE0FC22F}.Release|Any CPU.Build.0 = Release|Any CPU
		{69446AC5-436A-4148-A188-D5DB975CE787}.Debug|Any CPU.ActiveCfg = Debug|Any CPU
		{69446AC5-436A-4148-A188-D5DB975CE787}.Debug|Any CPU.Build.0 = Debug|Any CPU
		{69446AC5-436A-4148-A188-D5DB975CE787}.Release|Any CPU.ActiveCfg = Release|Any CPU
		{69446AC5-436A-4148-A188-D5DB975CE787}.Release|Any CPU.Build.0 = Release|Any CPU
		{647EECE1-0B4C-4C33-9345-91958C70EEEB}.Debug|Any CPU.ActiveCfg = Debug|Any CPU
		{647EECE1-0B4C-4C33-9345-91958C70EEEB}.Debug|Any CPU.Build.0 = Debug|Any CPU
		{647EECE1-0B4C-4C33-9345-91958C70EEEB}.Release|Any CPU.ActiveCfg = Release|Any CPU
		{647EECE1-0B4C-4C33-9345-91958C70EEEB}.Release|Any CPU.Build.0 = Release|Any CPU
	EndGlobalSection
	GlobalSection(SolutionProperties) = preSolution
		HideSolutionNode = FALSE
	EndGlobalSection
	GlobalSection(ExtensibilityGlobals) = postSolution
		SolutionGuid = {63AB3759-6D30-4CFA-8169-BF60A20F5DED}
	EndGlobalSection
EndGlobal
