
Microsoft Visual Studio Solution File, Format Version 12.00
# Visual Studio Version 17
VisualStudioVersion = 17.7.34009.444
MinimumVisualStudioVersion = 10.0.40219.1
Project("{FAE04EC0-301F-11D3-BF4B-00C04F79EFBC}") = "02_初识类与命名空间", "02_初识类与命名空间\02_初识类与命名空间.csproj", "{5CBE2060-AFC2-4774-981D-F8C730EC6A69}"
EndProject
Project("{FAE04EC0-301F-11D3-BF4B-00C04F79EFBC}") = "MyCaculator", "MyCaculator\MyCaculator.csproj", "{57EB064B-226E-44A2-BE30-CB5AF15F9ECA}"
EndProject
Project("{FAE04EC0-301F-11D3-BF4B-00C04F79EFBC}") = "01_helloworld", "01_helloworld\01_helloworld.csproj", "{D742944A-6E34-4EEC-AC4F-9D3BB4465736}"
EndProject
Project("{FAE04EC0-301F-11D3-BF4B-00C04F79EFBC}") = "03_ClassAndInstance", "03_ClassAndInstance\03_ClassAndInstance.csproj", "{E75796CE-5566-453E-84DC-9A0FB84E9E9E}"
EndProject
Project("{FAE04EC0-301F-11D3-BF4B-00C04F79EFBC}") = "PropertySample", "PropertySample\PropertySample.csproj", "{E86E1105-27FC-4794-A52E-8FFEB9269184}"
EndProject
Project("{FAE04EC0-301F-11D3-BF4B-00C04F79EFBC}") = "MathSample", "MathSample\MathSample.csproj", "{0043235E-59FD-4369-95BE-FEFA569A8B1F}"
EndProject
Project("{FAE04EC0-301F-11D3-BF4B-00C04F79EFBC}") = "04_TypeVariableAndMethod", "04_TypeVariableAndMethod\04_TypeVariableAndMethod.csproj", "{8F27DD59-3616-4D63-96DA-536B223378AA}"
EndProject
Project("{FAE04EC0-301F-11D3-BF4B-00C04F79EFBC}") = "05_TypeInCSharp", "05_TypeInCSharp\05_TypeInCSharp.csproj", "{820098F2-CB39-4223-8E98-0E0C5B24279E}"
EndProject
Project("{FAE04EC0-301F-11D3-BF4B-00C04F79EFBC}") = "06_MethodExample", "06_MethodExample\06_MethodExample.csproj", "{8F4629E3-2430-44D0-820C-A6C25C6F7C6A}"
EndProject
Project("{FAE04EC0-301F-11D3-BF4B-00C04F79EFBC}") = "07_ConstructorExample", "07_ConstructorExample\07_ConstructorExample.csproj", "{43416BE9-32D6-4752-8645-1BAF61C47B82}"
EndProject
Project("{FAE04EC0-301F-11D3-BF4B-00C04F79EFBC}") = "08_OverloadExample", "08_OverloadExample\08_OverloadExample.csproj", "{1F35F789-9DEF-445C-A5EA-05BFE88ED433}"
EndProject
Project("{FAE04EC0-301F-11D3-BF4B-00C04F79EFBC}") = "09_OperatorExamples", "09_CreateOperator\09_OperatorExamples.csproj", "{D143AB9A-A94D-4227-9F87-641309D96CFB}"
EndProject
Project("{FAE04EC0-301F-11D3-BF4B-00C04F79EFBC}") = "10_CustomizePlusOperator", "10_CustomizePlusOperator\10_CustomizePlusOperator.csproj", "{FC57D01D-71BB-42EB-B283-10E3B7885AAC}"
EndProject
Project("{FAE04EC0-301F-11D3-BF4B-00C04F79EFBC}") = "11_AnonymousTypeAndInitializer", "11_AnonymousTypeAndInitializer\11_AnonymousTypeAndInitializer.csproj", "{E107C110-9008-4139-8693-EC4999EA52CF}"
EndProject
Project("{FAE04EC0-301F-11D3-BF4B-00C04F79EFBC}") = "12_OperatorExamples", "12_OperatorExample\12_OperatorExamples.csproj", "{EDF1CD30-668E-4533-AED4-9FA862F17752}"
EndProject
Project("{FAE04EC0-301F-11D3-BF4B-00C04F79EFBC}") = "13_ConversionExample", "13_ConversionExample\13_ConversionExample.csproj", "{C1921A4B-5000-483A-8470-CE80DC71074D}"
EndProject
Project("{FAE04EC0-301F-11D3-BF4B-00C04F79EFBC}") = "14_OperatorExample", "14_OperatorExample\14_OperatorExample.csproj", "{BCA5683F-C0F5-4CE1-91CA-B92D1F4FA055}"
EndProject
Global
	GlobalSection(SolutionConfigurationPlatforms) = preSolution
		Debug|Any CPU = Debug|Any CPU
		Release|Any CPU = Release|Any CPU
	EndGlobalSection
	GlobalSection(ProjectConfigurationPlatforms) = postSolution
		{5CBE2060-AFC2-4774-981D-F8C730EC6A69}.Debug|Any CPU.ActiveCfg = Debug|Any CPU
		{5CBE2060-AFC2-4774-981D-F8C730EC6A69}.Debug|Any CPU.Build.0 = Debug|Any CPU
		{5CBE2060-AFC2-4774-981D-F8C730EC6A69}.Release|Any CPU.ActiveCfg = Release|Any CPU
		{5CBE2060-AFC2-4774-981D-F8C730EC6A69}.Release|Any CPU.Build.0 = Release|Any CPU
		{57EB064B-226E-44A2-BE30-CB5AF15F9ECA}.Debug|Any CPU.ActiveCfg = Debug|Any CPU
		{57EB064B-226E-44A2-BE30-CB5AF15F9ECA}.Debug|Any CPU.Build.0 = Debug|Any CPU
		{57EB064B-226E-44A2-BE30-CB5AF15F9ECA}.Release|Any CPU.ActiveCfg = Release|Any CPU
		{57EB064B-226E-44A2-BE30-CB5AF15F9ECA}.Release|Any CPU.Build.0 = Release|Any CPU
		{D742944A-6E34-4EEC-AC4F-9D3BB4465736}.Debug|Any CPU.ActiveCfg = Debug|Any CPU
		{D742944A-6E34-4EEC-AC4F-9D3BB4465736}.Debug|Any CPU.Build.0 = Debug|Any CPU
		{D742944A-6E34-4EEC-AC4F-9D3BB4465736}.Release|Any CPU.ActiveCfg = Release|Any CPU
		{D742944A-6E34-4EEC-AC4F-9D3BB4465736}.Release|Any CPU.Build.0 = Release|Any CPU
		{E75796CE-5566-453E-84DC-9A0FB84E9E9E}.Debug|Any CPU.ActiveCfg = Debug|Any CPU
		{E75796CE-5566-453E-84DC-9A0FB84E9E9E}.Debug|Any CPU.Build.0 = Debug|Any CPU
		{E75796CE-5566-453E-84DC-9A0FB84E9E9E}.Release|Any CPU.ActiveCfg = Release|Any CPU
		{E75796CE-5566-453E-84DC-9A0FB84E9E9E}.Release|Any CPU.Build.0 = Release|Any CPU
		{E86E1105-27FC-4794-A52E-8FFEB9269184}.Debug|Any CPU.ActiveCfg = Debug|Any CPU
		{E86E1105-27FC-4794-A52E-8FFEB9269184}.Debug|Any CPU.Build.0 = Debug|Any CPU
		{E86E1105-27FC-4794-A52E-8FFEB9269184}.Release|Any CPU.ActiveCfg = Release|Any CPU
		{E86E1105-27FC-4794-A52E-8FFEB9269184}.Release|Any CPU.Build.0 = Release|Any CPU
		{0043235E-59FD-4369-95BE-FEFA569A8B1F}.Debug|Any CPU.ActiveCfg = Debug|Any CPU
		{0043235E-59FD-4369-95BE-FEFA569A8B1F}.Debug|Any CPU.Build.0 = Debug|Any CPU
		{0043235E-59FD-4369-95BE-FEFA569A8B1F}.Release|Any CPU.ActiveCfg = Release|Any CPU
		{0043235E-59FD-4369-95BE-FEFA569A8B1F}.Release|Any CPU.Build.0 = Release|Any CPU
		{8F27DD59-3616-4D63-96DA-536B223378AA}.Debug|Any CPU.ActiveCfg = Debug|Any CPU
		{8F27DD59-3616-4D63-96DA-536B223378AA}.Debug|Any CPU.Build.0 = Debug|Any CPU
		{8F27DD59-3616-4D63-96DA-536B223378AA}.Release|Any CPU.ActiveCfg = Release|Any CPU
		{8F27DD59-3616-4D63-96DA-536B223378AA}.Release|Any CPU.Build.0 = Release|Any CPU
		{820098F2-CB39-4223-8E98-0E0C5B24279E}.Debug|Any CPU.ActiveCfg = Debug|Any CPU
		{820098F2-CB39-4223-8E98-0E0C5B24279E}.Debug|Any CPU.Build.0 = Debug|Any CPU
		{820098F2-CB39-4223-8E98-0E0C5B24279E}.Release|Any CPU.ActiveCfg = Release|Any CPU
		{820098F2-CB39-4223-8E98-0E0C5B24279E}.Release|Any CPU.Build.0 = Release|Any CPU
		{8F4629E3-2430-44D0-820C-A6C25C6F7C6A}.Debug|Any CPU.ActiveCfg = Debug|Any CPU
		{8F4629E3-2430-44D0-820C-A6C25C6F7C6A}.Debug|Any CPU.Build.0 = Debug|Any CPU
		{8F4629E3-2430-44D0-820C-A6C25C6F7C6A}.Release|Any CPU.ActiveCfg = Release|Any CPU
		{8F4629E3-2430-44D0-820C-A6C25C6F7C6A}.Release|Any CPU.Build.0 = Release|Any CPU
		{43416BE9-32D6-4752-8645-1BAF61C47B82}.Debug|Any CPU.ActiveCfg = Debug|Any CPU
		{43416BE9-32D6-4752-8645-1BAF61C47B82}.Debug|Any CPU.Build.0 = Debug|Any CPU
		{43416BE9-32D6-4752-8645-1BAF61C47B82}.Release|Any CPU.ActiveCfg = Release|Any CPU
		{43416BE9-32D6-4752-8645-1BAF61C47B82}.Release|Any CPU.Build.0 = Release|Any CPU
		{1F35F789-9DEF-445C-A5EA-05BFE88ED433}.Debug|Any CPU.ActiveCfg = Debug|Any CPU
		{1F35F789-9DEF-445C-A5EA-05BFE88ED433}.Debug|Any CPU.Build.0 = Debug|Any CPU
		{1F35F789-9DEF-445C-A5EA-05BFE88ED433}.Release|Any CPU.ActiveCfg = Release|Any CPU
		{1F35F789-9DEF-445C-A5EA-05BFE88ED433}.Release|Any CPU.Build.0 = Release|Any CPU
		{D143AB9A-A94D-4227-9F87-641309D96CFB}.Debug|Any CPU.ActiveCfg = Debug|Any CPU
		{D143AB9A-A94D-4227-9F87-641309D96CFB}.Debug|Any CPU.Build.0 = Debug|Any CPU
		{D143AB9A-A94D-4227-9F87-641309D96CFB}.Release|Any CPU.ActiveCfg = Release|Any CPU
		{D143AB9A-A94D-4227-9F87-641309D96CFB}.Release|Any CPU.Build.0 = Release|Any CPU
		{FC57D01D-71BB-42EB-B283-10E3B7885AAC}.Debug|Any CPU.ActiveCfg = Debug|Any CPU
		{FC57D01D-71BB-42EB-B283-10E3B7885AAC}.Debug|Any CPU.Build.0 = Debug|Any CPU
		{FC57D01D-71BB-42EB-B283-10E3B7885AAC}.Release|Any CPU.ActiveCfg = Release|Any CPU
		{FC57D01D-71BB-42EB-B283-10E3B7885AAC}.Release|Any CPU.Build.0 = Release|Any CPU
		{E107C110-9008-4139-8693-EC4999EA52CF}.Debug|Any CPU.ActiveCfg = Debug|Any CPU
		{E107C110-9008-4139-8693-EC4999EA52CF}.Debug|Any CPU.Build.0 = Debug|Any CPU
		{E107C110-9008-4139-8693-EC4999EA52CF}.Release|Any CPU.ActiveCfg = Release|Any CPU
		{E107C110-9008-4139-8693-EC4999EA52CF}.Release|Any CPU.Build.0 = Release|Any CPU
		{EDF1CD30-668E-4533-AED4-9FA862F17752}.Debug|Any CPU.ActiveCfg = Debug|Any CPU
		{EDF1CD30-668E-4533-AED4-9FA862F17752}.Debug|Any CPU.Build.0 = Debug|Any CPU
		{EDF1CD30-668E-4533-AED4-9FA862F17752}.Release|Any CPU.ActiveCfg = Release|Any CPU
		{EDF1CD30-668E-4533-AED4-9FA862F17752}.Release|Any CPU.Build.0 = Release|Any CPU
		{C1921A4B-5000-483A-8470-CE80DC71074D}.Debug|Any CPU.ActiveCfg = Debug|Any CPU
		{C1921A4B-5000-483A-8470-CE80DC71074D}.Debug|Any CPU.Build.0 = Debug|Any CPU
		{C1921A4B-5000-483A-8470-CE80DC71074D}.Release|Any CPU.ActiveCfg = Release|Any CPU
		{C1921A4B-5000-483A-8470-CE80DC71074D}.Release|Any CPU.Build.0 = Release|Any CPU
		{BCA5683F-C0F5-4CE1-91CA-B92D1F4FA055}.Debug|Any CPU.ActiveCfg = Debug|Any CPU
		{BCA5683F-C0F5-4CE1-91CA-B92D1F4FA055}.Debug|Any CPU.Build.0 = Debug|Any CPU
		{BCA5683F-C0F5-4CE1-91CA-B92D1F4FA055}.Release|Any CPU.ActiveCfg = Release|Any CPU
		{BCA5683F-C0F5-4CE1-91CA-B92D1F4FA055}.Release|Any CPU.Build.0 = Release|Any CPU
	EndGlobalSection
	GlobalSection(SolutionProperties) = preSolution
		HideSolutionNode = FALSE
	EndGlobalSection
	GlobalSection(ExtensibilityGlobals) = postSolution
		SolutionGuid = {63AB3759-6D30-4CFA-8169-BF60A20F5DED}
	EndGlobalSection
EndGlobal
